// !$*UTF8*$!
{
	archiveVersion = 1;
	classes = {
	};
	objectVersion = 46;
	objects = {

/* Begin PBXBuildFile section */
		5169DCC62054EFD700132C8B /* KiwiPQ.a in Frameworks */ = {isa = PBXBuildFile; fileRef = 5169DCAC2054EFD600132C8B /* KiwiPQ.a */; };
		5169DCC72054EFD700132C8B /* KiwiPQ.d in Sources */ = {isa = PBXBuildFile; fileRef = 5169DCAD2054EFD600132C8B /* KiwiPQ.d */; };
		5169DCC82054EFD700132C8B /* KiwiPQ.o in Frameworks */ = {isa = PBXBuildFile; fileRef = 5169DCAE2054EFD700132C8B /* KiwiPQ.o */; };
		5169DCC92054EFD700132C8B /* KvChunck.d in Sources */ = {isa = PBXBuildFile; fileRef = 5169DCAF2054EFD700132C8B /* KvChunck.d */; };
		5169DCCA2054EFD700132C8B /* KvChunck.o in Frameworks */ = {isa = PBXBuildFile; fileRef = 5169DCB02054EFD700132C8B /* KvChunck.o */; };
		5169DCCB2054EFD700132C8B /* PutPendingItem.d in Sources */ = {isa = PBXBuildFile; fileRef = 5169DCB32054EFD700132C8B /* PutPendingItem.d */; };
		5169DCCC2054EFD700132C8B /* PutPendingItem.o in Frameworks */ = {isa = PBXBuildFile; fileRef = 5169DCB42054EFD700132C8B /* PutPendingItem.o */; };
		5169DCCD2054EFD700132C8B /* PutPendingItem.d in Sources */ = {isa = PBXBuildFile; fileRef = 5169DCB62054EFD700132C8B /* PutPendingItem.d */; };
		5169DCCE2054EFD700132C8B /* PutPendingItem.o in Frameworks */ = {isa = PBXBuildFile; fileRef = 5169DCB72054EFD700132C8B /* PutPendingItem.o */; };
		5169DCCF2054EFD700132C8B /* KiwiPQ.cpp in Sources */ = {isa = PBXBuildFile; fileRef = 5169DCBA2054EFD700132C8B /* KiwiPQ.cpp */; };
		5169DCD02054EFD700132C8B /* KiwiPQ.d in Sources */ = {isa = PBXBuildFile; fileRef = 5169DCBB2054EFD700132C8B /* KiwiPQ.d */; };
		5169DCD12054EFD700132C8B /* KvChunck.cpp in Sources */ = {isa = PBXBuildFile; fileRef = 5169DCBD2054EFD700132C8B /* KvChunck.cpp */; };
		5169DCD22054EFD700132C8B /* KvChunck.d in Sources */ = {isa = PBXBuildFile; fileRef = 5169DCBE2054EFD700132C8B /* KvChunck.d */; };
		5169DCD32054EFD700132C8B /* makefile in Sources */ = {isa = PBXBuildFile; fileRef = 5169DCC02054EFD700132C8B /* makefile */; };
		5169DCD42054EFD700132C8B /* PutPendingItem.cpp in Sources */ = {isa = PBXBuildFile; fileRef = 5169DCC22054EFD700132C8B /* PutPendingItem.cpp */; };
		5169DCD52054EFD700132C8B /* PutPendingItem.d in Sources */ = {isa = PBXBuildFile; fileRef = 5169DCC42054EFD700132C8B /* PutPendingItem.d */; };
/* End PBXBuildFile section */

/* Begin PBXCopyFilesBuildPhase section */
		5158702C204DD1CD001C7E07 /* CopyFiles */ = {
			isa = PBXCopyFilesBuildPhase;
			buildActionMask = 2147483647;
			dstPath = /usr/share/man/man1/;
			dstSubfolderSpec = 0;
			files = (
			);
			runOnlyForDeploymentPostprocessing = 1;
		};
/* End PBXCopyFilesBuildPhase section */

/* Begin PBXFileReference section */
		5158702E204DD1CD001C7E07 /* KiwiBase */ = {isa = PBXFileReference; explicitFileType = "compiled.mach-o.executable"; includeInIndex = 0; path = KiwiBase; sourceTree = BUILT_PRODUCTS_DIR; };
		5169DCAA2054EFD600132C8B /* Abs_PriorityQueue.h */ = {isa = PBXFileReference; fileEncoding = 4; lastKnownFileType = sourcecode.c.h; path = Abs_PriorityQueue.h; sourceTree = "<group>"; };
		5169DCAC2054EFD600132C8B /* KiwiPQ.a */ = {isa = PBXFileReference; lastKnownFileType = archive.ar; path = KiwiPQ.a; sourceTree = "<group>"; };
		5169DCAD2054EFD600132C8B /* KiwiPQ.d */ = {isa = PBXFileReference; fileEncoding = 4; lastKnownFileType = sourcecode.dtrace; path = KiwiPQ.d; sourceTree = "<group>"; };
		5169DCAE2054EFD700132C8B /* KiwiPQ.o */ = {isa = PBXFileReference; lastKnownFileType = "compiled.mach-o.objfile"; path = KiwiPQ.o; sourceTree = "<group>"; };
		5169DCAF2054EFD700132C8B /* KvChunck.d */ = {isa = PBXFileReference; fileEncoding = 4; lastKnownFileType = sourcecode.dtrace; path = KvChunck.d; sourceTree = "<group>"; };
		5169DCB02054EFD700132C8B /* KvChunck.o */ = {isa = PBXFileReference; lastKnownFileType = "compiled.mach-o.objfile"; path = KvChunck.o; sourceTree = "<group>"; };
		5169DCB12054EFD700132C8B /* objects.mk */ = {isa = PBXFileReference; fileEncoding = 4; lastKnownFileType = text; path = objects.mk; sourceTree = "<group>"; };
		5169DCB32054EFD700132C8B /* PutPendingItem.d */ = {isa = PBXFileReference; fileEncoding = 4; lastKnownFileType = sourcecode.dtrace; path = PutPendingItem.d; sourceTree = "<group>"; };
		5169DCB42054EFD700132C8B /* PutPendingItem.o */ = {isa = PBXFileReference; lastKnownFileType = "compiled.mach-o.objfile"; path = PutPendingItem.o; sourceTree = "<group>"; };
		5169DCB52054EFD700132C8B /* subdir.mk */ = {isa = PBXFileReference; fileEncoding = 4; lastKnownFileType = text; path = subdir.mk; sourceTree = "<group>"; };
		5169DCB62054EFD700132C8B /* PutPendingItem.d */ = {isa = PBXFileReference; fileEncoding = 4; lastKnownFileType = sourcecode.dtrace; path = PutPendingItem.d; sourceTree = "<group>"; };
		5169DCB72054EFD700132C8B /* PutPendingItem.o */ = {isa = PBXFileReference; lastKnownFileType = "compiled.mach-o.objfile"; path = PutPendingItem.o; sourceTree = "<group>"; };
		5169DCB82054EFD700132C8B /* sources.mk */ = {isa = PBXFileReference; fileEncoding = 4; lastKnownFileType = text; path = sources.mk; sourceTree = "<group>"; };
		5169DCB92054EFD700132C8B /* subdir.mk */ = {isa = PBXFileReference; fileEncoding = 4; lastKnownFileType = text; path = subdir.mk; sourceTree = "<group>"; };
		5169DCBA2054EFD700132C8B /* KiwiPQ.cpp */ = {isa = PBXFileReference; fileEncoding = 4; lastKnownFileType = sourcecode.cpp.cpp; path = KiwiPQ.cpp; sourceTree = "<group>"; };
		5169DCBB2054EFD700132C8B /* KiwiPQ.d */ = {isa = PBXFileReference; fileEncoding = 4; lastKnownFileType = sourcecode.dtrace; path = KiwiPQ.d; sourceTree = "<group>"; };
		5169DCBC2054EFD700132C8B /* KiwiPQ.h */ = {isa = PBXFileReference; fileEncoding = 4; lastKnownFileType = sourcecode.c.h; path = KiwiPQ.h; sourceTree = "<group>"; };
		5169DCBD2054EFD700132C8B /* KvChunck.cpp */ = {isa = PBXFileReference; fileEncoding = 4; lastKnownFileType = sourcecode.cpp.cpp; path = KvChunck.cpp; sourceTree = "<group>"; };
		5169DCBE2054EFD700132C8B /* KvChunck.d */ = {isa = PBXFileReference; fileEncoding = 4; lastKnownFileType = sourcecode.dtrace; path = KvChunck.d; sourceTree = "<group>"; };
		5169DCBF2054EFD700132C8B /* KvChunck.h */ = {isa = PBXFileReference; fileEncoding = 4; lastKnownFileType = sourcecode.c.h; path = KvChunck.h; sourceTree = "<group>"; };
		5169DCC02054EFD700132C8B /* makefile */ = {isa = PBXFileReference; fileEncoding = 4; lastKnownFileType = sourcecode.make; path = makefile; sourceTree = "<group>"; };
		5169DCC22054EFD700132C8B /* PutPendingItem.cpp */ = {isa = PBXFileReference; fileEncoding = 4; lastKnownFileType = sourcecode.cpp.cpp; path = PutPendingItem.cpp; sourceTree = "<group>"; };
		5169DCC32054EFD700132C8B /* PutPendingItem.h */ = {isa = PBXFileReference; fileEncoding = 4; lastKnownFileType = sourcecode.c.h; path = PutPendingItem.h; sourceTree = "<group>"; };
		5169DCC42054EFD700132C8B /* PutPendingItem.d */ = {isa = PBXFileReference; fileEncoding = 4; lastKnownFileType = sourcecode.dtrace; path = PutPendingItem.d; sourceTree = "<group>"; };
		5169DCC52054EFD700132C8B /* Struct_KeyChunckMeta.h */ = {isa = PBXFileReference; fileEncoding = 4; lastKnownFileType = sourcecode.c.h; path = Struct_KeyChunckMeta.h; sourceTree = "<group>"; };
/* End PBXFileReference section */

/* Begin PBXFrameworksBuildPhase section */
		5158702B204DD1CD001C7E07 /* Frameworks */ = {
			isa = PBXFrameworksBuildPhase;
			buildActionMask = 2147483647;
			files = (
				5169DCC82054EFD700132C8B /* KiwiPQ.o in Frameworks */,
				5169DCCE2054EFD700132C8B /* PutPendingItem.o in Frameworks */,
				5169DCC62054EFD700132C8B /* KiwiPQ.a in Frameworks */,
				5169DCCC2054EFD700132C8B /* PutPendingItem.o in Frameworks */,
				5169DCCA2054EFD700132C8B /* KvChunck.o in Frameworks */,
			);
			runOnlyForDeploymentPostprocessing = 0;
		};
/* End PBXFrameworksBuildPhase section */

/* Begin PBXGroup section */
		51587025204DD1CD001C7E07 = {
			isa = PBXGroup;
			children = (
				5169DCA92054EFD600132C8B /* KiwiBase */,
				5158702F204DD1CD001C7E07 /* Products */,
			);
			sourceTree = "<group>";
		};
		5158702F204DD1CD001C7E07 /* Products */ = {
			isa = PBXGroup;
			children = (
				5158702E204DD1CD001C7E07 /* KiwiBase */,
			);
			name = Products;
			sourceTree = "<group>";
		};
		5169DCA92054EFD600132C8B /* KiwiBase */ = {
			isa = PBXGroup;
			children = (
				5169DCAA2054EFD600132C8B /* Abs_PriorityQueue.h */,
				5169DCAB2054EFD600132C8B /* Debug */,
				5169DCBA2054EFD700132C8B /* KiwiPQ.cpp */,
				5169DCBB2054EFD700132C8B /* KiwiPQ.d */,
				5169DCBC2054EFD700132C8B /* KiwiPQ.h */,
				5169DCBD2054EFD700132C8B /* KvChunck.cpp */,
				5169DCBE2054EFD700132C8B /* KvChunck.d */,
				5169DCBF2054EFD700132C8B /* KvChunck.h */,
				5169DCC02054EFD700132C8B /* makefile */,
				5169DCC12054EFD700132C8B /* PendingPuts */,
				5169DCC42054EFD700132C8B /* PutPendingItem.d */,
				5169DCC52054EFD700132C8B /* Struct_KeyChunckMeta.h */,
			);
			path = KiwiBase;
			sourceTree = "<group>";
		};
		5169DCAB2054EFD600132C8B /* Debug */ = {
			isa = PBXGroup;
			children = (
				5169DCAC2054EFD600132C8B /* KiwiPQ.a */,
				5169DCAD2054EFD600132C8B /* KiwiPQ.d */,
				5169DCAE2054EFD700132C8B /* KiwiPQ.o */,
				5169DCAF2054EFD700132C8B /* KvChunck.d */,
				5169DCB02054EFD700132C8B /* KvChunck.o */,
				5169DCB12054EFD700132C8B /* objects.mk */,
				5169DCB22054EFD700132C8B /* PendingPuts */,
				5169DCB62054EFD700132C8B /* PutPendingItem.d */,
				5169DCB72054EFD700132C8B /* PutPendingItem.o */,
				5169DCB82054EFD700132C8B /* sources.mk */,
				5169DCB92054EFD700132C8B /* subdir.mk */,
			);
			path = Debug;
			sourceTree = "<group>";
		};
		5169DCB22054EFD700132C8B /* PendingPuts */ = {
			isa = PBXGroup;
			children = (
				5169DCB32054EFD700132C8B /* PutPendingItem.d */,
				5169DCB42054EFD700132C8B /* PutPendingItem.o */,
				5169DCB52054EFD700132C8B /* subdir.mk */,
			);
			path = PendingPuts;
			sourceTree = "<group>";
		};
		5169DCC12054EFD700132C8B /* PendingPuts */ = {
			isa = PBXGroup;
			children = (
				5169DCC22054EFD700132C8B /* PutPendingItem.cpp */,
				5169DCC32054EFD700132C8B /* PutPendingItem.h */,
			);
			path = PendingPuts;
			sourceTree = "<group>";
		};
/* End PBXGroup section */

/* Begin PBXNativeTarget section */
		5158702D204DD1CD001C7E07 /* KiwiBase */ = {
			isa = PBXNativeTarget;
			buildConfigurationList = 51587035204DD1CD001C7E07 /* Build configuration list for PBXNativeTarget "KiwiBase" */;
			buildPhases = (
				5158702A204DD1CD001C7E07 /* Sources */,
				5158702B204DD1CD001C7E07 /* Frameworks */,
				5158702C204DD1CD001C7E07 /* CopyFiles */,
			);
			buildRules = (
			);
			dependencies = (
			);
			name = KiwiBase;
			productName = KiwiBase;
			productReference = 5158702E204DD1CD001C7E07 /* KiwiBase */;
			productType = "com.apple.product-type.tool";
		};
/* End PBXNativeTarget section */

/* Begin PBXProject section */
		51587026204DD1CD001C7E07 /* Project object */ = {
			isa = PBXProject;
			attributes = {
				LastUpgradeCheck = 0820;
				ORGANIZATIONNAME = "Eitan-Hai Mashiah";
				TargetAttributes = {
					5158702D204DD1CD001C7E07 = {
						CreatedOnToolsVersion = 8.2.1;
						ProvisioningStyle = Automatic;
					};
				};
			};
			buildConfigurationList = 51587029204DD1CD001C7E07 /* Build configuration list for PBXProject "KiwiBase" */;
			compatibilityVersion = "Xcode 3.2";
			developmentRegion = English;
			hasScannedForEncodings = 0;
			knownRegions = (
				en,
			);
			mainGroup = 51587025204DD1CD001C7E07;
			productRefGroup = 5158702F204DD1CD001C7E07 /* Products */;
			projectDirPath = "";
			projectRoot = "";
			targets = (
				5158702D204DD1CD001C7E07 /* KiwiBase */,
			);
		};
/* End PBXProject section */

/* Begin PBXSourcesBuildPhase section */
		5158702A204DD1CD001C7E07 /* Sources */ = {
			isa = PBXSourcesBuildPhase;
			buildActionMask = 2147483647;
			files = (
				5169DCC72054EFD700132C8B /* KiwiPQ.d in Sources */,
				5169DCD02054EFD700132C8B /* KiwiPQ.d in Sources */,
				5169DCC92054EFD700132C8B /* KvChunck.d in Sources */,
				5169DCD12054EFD700132C8B /* KvChunck.cpp in Sources */,
				5169DCD32054EFD700132C8B /* makefile in Sources */,
				5169DCCD2054EFD700132C8B /* PutPendingItem.d in Sources */,
				5169DCD22054EFD700132C8B /* KvChunck.d in Sources */,
				5169DCCF2054EFD700132C8B /* KiwiPQ.cpp in Sources */,
				5169DCD42054EFD700132C8B /* PutPendingItem.cpp in Sources */,
				5169DCCB2054EFD700132C8B /* PutPendingItem.d in Sources */,
				5169DCD52054EFD700132C8B /* PutPendingItem.d in Sources */,
			);
			runOnlyForDeploymentPostprocessing = 0;
		};
/* End PBXSourcesBuildPhase section */

/* Begin XCBuildConfiguration section */
		51587033204DD1CD001C7E07 /* Debug */ = {
			isa = XCBuildConfiguration;
			buildSettings = {
				ALWAYS_SEARCH_USER_PATHS = NO;
				CLANG_ANALYZER_NONNULL = YES;
				CLANG_CXX_LANGUAGE_STANDARD = "gnu++0x";
				CLANG_CXX_LIBRARY = "libc++";
				CLANG_ENABLE_MODULES = YES;
				CLANG_ENABLE_OBJC_ARC = YES;
				CLANG_WARN_BOOL_CONVERSION = YES;
				CLANG_WARN_CONSTANT_CONVERSION = YES;
				CLANG_WARN_DIRECT_OBJC_ISA_USAGE = YES_ERROR;
				CLANG_WARN_DOCUMENTATION_COMMENTS = YES;
				CLANG_WARN_EMPTY_BODY = YES;
				CLANG_WARN_ENUM_CONVERSION = YES;
				CLANG_WARN_INFINITE_RECURSION = YES;
				CLANG_WARN_INT_CONVERSION = YES;
				CLANG_WARN_OBJC_ROOT_CLASS = YES_ERROR;
				CLANG_WARN_SUSPICIOUS_MOVE = YES;
				CLANG_WARN_UNREACHABLE_CODE = YES;
				CLANG_WARN__DUPLICATE_METHOD_MATCH = YES;
				CODE_SIGN_IDENTITY = "-";
				COPY_PHASE_STRIP = NO;
				DEBUG_INFORMATION_FORMAT = dwarf;
				ENABLE_STRICT_OBJC_MSGSEND = YES;
				ENABLE_TESTABILITY = YES;
				GCC_C_LANGUAGE_STANDARD = gnu99;
				GCC_DYNAMIC_NO_PIC = NO;
				GCC_NO_COMMON_BLOCKS = YES;
				GCC_OPTIMIZATION_LEVEL = 0;
				GCC_PREPROCESSOR_DEFINITIONS = (
					"DEBUG=1",
					"$(inherited)",
				);
				GCC_WARN_64_TO_32_BIT_CONVERSION = YES;
				GCC_WARN_ABOUT_RETURN_TYPE = YES_ERROR;
				GCC_WARN_UNDECLARED_SELECTOR = YES;
				GCC_WARN_UNINITIALIZED_AUTOS = YES_AGGRESSIVE;
				GCC_WARN_UNUSED_FUNCTION = YES;
				GCC_WARN_UNUSED_VARIABLE = YES;
				MACOSX_DEPLOYMENT_TARGET = 10.11;
				MTL_ENABLE_DEBUG_INFO = YES;
				ONLY_ACTIVE_ARCH = YES;
				SDKROOT = macosx;
			};
			name = Debug;
		};
		51587034204DD1CD001C7E07 /* Release */ = {
			isa = XCBuildConfiguration;
			buildSettings = {
				ALWAYS_SEARCH_USER_PATHS = NO;
				CLANG_ANALYZER_NONNULL = YES;
				CLANG_CXX_LANGUAGE_STANDARD = "gnu++0x";
				CLANG_CXX_LIBRARY = "libc++";
				CLANG_ENABLE_MODULES = YES;
				CLANG_ENABLE_OBJC_ARC = YES;
				CLANG_WARN_BOOL_CONVERSION = YES;
				CLANG_WARN_CONSTANT_CONVERSION = YES;
				CLANG_WARN_DIRECT_OBJC_ISA_USAGE = YES_ERROR;
				CLANG_WARN_DOCUMENTATION_COMMENTS = YES;
				CLANG_WARN_EMPTY_BODY = YES;
				CLANG_WARN_ENUM_CONVERSION = YES;
				CLANG_WARN_INFINITE_RECURSION = YES;
				CLANG_WARN_INT_CONVERSION = YES;
				CLANG_WARN_OBJC_ROOT_CLASS = YES_ERROR;
				CLANG_WARN_SUSPICIOUS_MOVE = YES;
				CLANG_WARN_UNREACHABLE_CODE = YES;
				CLANG_WARN__DUPLICATE_METHOD_MATCH = YES;
				CODE_SIGN_IDENTITY = "-";
				COPY_PHASE_STRIP = NO;
				DEBUG_INFORMATION_FORMAT = "dwarf-with-dsym";
				ENABLE_NS_ASSERTIONS = NO;
				ENABLE_STRICT_OBJC_MSGSEND = YES;
				GCC_C_LANGUAGE_STANDARD = gnu99;
				GCC_NO_COMMON_BLOCKS = YES;
				GCC_WARN_64_TO_32_BIT_CONVERSION = YES;
				GCC_WARN_ABOUT_RETURN_TYPE = YES_ERROR;
				GCC_WARN_UNDECLARED_SELECTOR = YES;
				GCC_WARN_UNINITIALIZED_AUTOS = YES_AGGRESSIVE;
				GCC_WARN_UNUSED_FUNCTION = YES;
				GCC_WARN_UNUSED_VARIABLE = YES;
				MACOSX_DEPLOYMENT_TARGET = 10.11;
				MTL_ENABLE_DEBUG_INFO = NO;
				SDKROOT = macosx;
			};
			name = Release;
		};
		51587036204DD1CD001C7E07 /* Debug */ = {
			isa = XCBuildConfiguration;
			buildSettings = {
				HEADER_SEARCH_PATHS = /usr/local/include;
				LIBRARY_SEARCH_PATHS = (
					/usr/local/lib,
					"$(PROJECT_DIR)/KiwiBase/Debug",
				);
				PRODUCT_NAME = "$(TARGET_NAME)";
			};
			name = Debug;
		};
		51587037204DD1CD001C7E07 /* Release */ = {
			isa = XCBuildConfiguration;
			buildSettings = {
				HEADER_SEARCH_PATHS = /usr/local/include;
				LIBRARY_SEARCH_PATHS = (
					/usr/local/lib,
					"$(PROJECT_DIR)/KiwiBase/Debug",
				);
				PRODUCT_NAME = "$(TARGET_NAME)";
			};
			name = Release;
		};
/* End XCBuildConfiguration section */

/* Begin XCConfigurationList section */
		51587029204DD1CD001C7E07 /* Build configuration list for PBXProject "KiwiBase" */ = {
			isa = XCConfigurationList;
			buildConfigurations = (
				51587033204DD1CD001C7E07 /* Debug */,
				51587034204DD1CD001C7E07 /* Release */,
			);
			defaultConfigurationIsVisible = 0;
			defaultConfigurationName = Release;
		};
		51587035204DD1CD001C7E07 /* Build configuration list for PBXNativeTarget "KiwiBase" */ = {
			isa = XCConfigurationList;
			buildConfigurations = (
				51587036204DD1CD001C7E07 /* Debug */,
				51587037204DD1CD001C7E07 /* Release */,
			);
			defaultConfigurationIsVisible = 0;
			defaultConfigurationName = Release;
		};
/* End XCConfigurationList section */
	};
	rootObject = 51587026204DD1CD001C7E07 /* Project object */;
}
